
Microsoft Visual Studio Solution File, Format Version 12.00
# Visual Studio Version 16
VisualStudioVersion = 16.0.34601.136
MinimumVisualStudioVersion = 10.0.40219.1
Project("{FAE04EC0-301F-11D3-BF4B-00C04F79EFBC}") = "AMP8000_SafeAddress", "AMP8000_SafeAddress\AMP8000_SafeAddress.csproj", "{CDE0D437-0482-4392-9CBD-F0BFFDD1CC75}"
EndProject
Global
	GlobalSection(SolutionConfigurationPlatforms) = preSolution
		Debug|Any CPU = Debug|Any CPU
		Release|Any CPU = Release|Any CPU
	EndGlobalSection
	GlobalSection(ProjectConfigurationPlatforms) = postSolution
		{CDE0D437-0482-4392-9CBD-F0BFFDD1CC75}.Debug|Any CPU.ActiveCfg = Debug|Any CPU
		{CDE0D437-0482-4392-9CBD-F0BFFDD1CC75}.Debug|Any CPU.Build.0 = Debug|Any CPU
		{CDE0D437-0482-4392-9CBD-F0BFFDD1CC75}.Release|Any CPU.ActiveCfg = Release|Any CPU
		{CDE0D437-0482-4392-9CBD-F0BFFDD1CC75}.Release|Any CPU.Build.0 = Release|Any CPU
	EndGlobalSection
	GlobalSection(SolutionProperties) = preSolution
		HideSolutionNode = FALSE
	EndGlobalSection
	GlobalSection(ExtensibilityGlobals) = postSolution
		SolutionGuid = {9A746E6D-0FBA-4B13-BB30-685E9EA90416}
	EndGlobalSection
EndGlobal
